# This file was autogenerated by Stack.
# You should not edit this file by hand.
# For more information, please see the documentation at:
#   https://docs.haskellstack.org/en/stable/lock_files

packages:
- completed:
    name: safe-coloured-text
    pantry-tree:
      sha256: e570533758692db38e3765ba8e961d550351dcc7159bed9206b4f8ab8dfe78fb
      size: 530
    sha256: a4b0b46f0f8d823e4fc5fb95698833380852fc5bc9cce7fbfbcb8206d2007e1a
    size: 39320
    subdir: safe-coloured-text
    url: https://github.com/NorfairKing/safe-coloured-text/archive/61f14d21b7399fe97da24e484c2f9fedaf532bb8.tar.gz
    version: 0.3.0.2
  original:
    subdir: safe-coloured-text
    url: https://github.com/NorfairKing/safe-coloured-text/archive/61f14d21b7399fe97da24e484c2f9fedaf532bb8.tar.gz
- completed:
    name: safe-coloured-text-layout
    pantry-tree:
      sha256: 0c66e2fe83ccbb7dea2e31f48af8ae95772358ce0076f17655d67bdcf21c2564
      size: 918
    sha256: a4b0b46f0f8d823e4fc5fb95698833380852fc5bc9cce7fbfbcb8206d2007e1a
    size: 39320
    subdir: safe-coloured-text-layout
    url: https://github.com/NorfairKing/safe-coloured-text/archive/61f14d21b7399fe97da24e484c2f9fedaf532bb8.tar.gz
    version: 0.2.0.0
  original:
    subdir: safe-coloured-text-layout
    url: https://github.com/NorfairKing/safe-coloured-text/archive/61f14d21b7399fe97da24e484c2f9fedaf532bb8.tar.gz
- completed:
    name: safe-coloured-text-gen
    pantry-tree:
      sha256: 478208926c26ea2faf9a76b3df284fc3964babf4123260d4099a1a80f3bc0b6e
      size: 8960
    sha256: a4b0b46f0f8d823e4fc5fb95698833380852fc5bc9cce7fbfbcb8206d2007e1a
    size: 39320
    subdir: safe-coloured-text-gen
    url: https://github.com/NorfairKing/safe-coloured-text/archive/61f14d21b7399fe97da24e484c2f9fedaf532bb8.tar.gz
    version: 0.0.0.3
  original:
    subdir: safe-coloured-text-gen
    url: https://github.com/NorfairKing/safe-coloured-text/archive/61f14d21b7399fe97da24e484c2f9fedaf532bb8.tar.gz
- completed:
    name: autodocodec
    pantry-tree:
      sha256: 4b9c01a7309cf9779ac461381ab614c09bac2d9d3fd84b39de0ea760bc2d6b94
      size: 912
    sha256: cce27447ef87723fcbc3bdf926409957dd53ab9ae3c3956a2e604cc878c2a16c
    size: 81098
    subdir: autodocodec
    url: https://github.com/NorfairKing/autodocodec/archive/a818df53b0f65caf3615d5cb9d4734288ff1ca39.tar.gz
    version: 0.2.2.0
  original:
    subdir: autodocodec
    url: https://github.com/NorfairKing/autodocodec/archive/a818df53b0f65caf3615d5cb9d4734288ff1ca39.tar.gz
- completed:
    name: autodocodec-yaml
    pantry-tree:
      sha256: 68843758235ce3b63d1a21333f255cedb02af7d3f3824fbebbc849376f564937
      size: 591
    sha256: cce27447ef87723fcbc3bdf926409957dd53ab9ae3c3956a2e604cc878c2a16c
    size: 81098
    subdir: autodocodec-yaml
    url: https://github.com/NorfairKing/autodocodec/archive/a818df53b0f65caf3615d5cb9d4734288ff1ca39.tar.gz
    version: 0.2.0.3
  original:
    subdir: autodocodec-yaml
    url: https://github.com/NorfairKing/autodocodec/archive/a818df53b0f65caf3615d5cb9d4734288ff1ca39.tar.gz
- completed:
    name: autodocodec-schema
    pantry-tree:
      sha256: 99f42f130573685e17eb3dec40384d30f033ea94edb28e73db86c071e1bf4207
      size: 387
    sha256: cce27447ef87723fcbc3bdf926409957dd53ab9ae3c3956a2e604cc878c2a16c
    size: 81098
    subdir: autodocodec-schema
    url: https://github.com/NorfairKing/autodocodec/archive/a818df53b0f65caf3615d5cb9d4734288ff1ca39.tar.gz
    version: 0.1.0.3
  original:
    subdir: autodocodec-schema
    url: https://github.com/NorfairKing/autodocodec/archive/a818df53b0f65caf3615d5cb9d4734288ff1ca39.tar.gz
- completed:
    name: opt-env-conf
    pantry-tree:
      sha256: fec8f60fb649d351100ab6964ff1c22fb3c8c4b6dad9d2968d2e7938bcf56c24
      size: 1069
    sha256: f7e11eedb2eb9bc745368a08333b228b5e7b2fc76484cd5f4ff85c3f17008662
    size: 50956
    subdir: opt-env-conf
    url: https://github.com/NorfairKing/opt-env-conf/archive/0f3d914b16551e88c1cc60060121c3da747c0a38.tar.gz
    version: 0.0.0.0
  original:
    subdir: opt-env-conf
    url: https://github.com/NorfairKing/opt-env-conf/archive/0f3d914b16551e88c1cc60060121c3da747c0a38.tar.gz
- completed:
    name: opt-env-conf-test
    pantry-tree:
      sha256: 9d07cc7f13f52bad218a7950d7715231029cefec913b1cc25462a5f9d1ace797
      size: 13160
    sha256: f7e11eedb2eb9bc745368a08333b228b5e7b2fc76484cd5f4ff85c3f17008662
    size: 50956
    subdir: opt-env-conf-test
    url: https://github.com/NorfairKing/opt-env-conf/archive/0f3d914b16551e88c1cc60060121c3da747c0a38.tar.gz
    version: 0.0.0.0
  original:
    subdir: opt-env-conf-test
    url: https://github.com/NorfairKing/opt-env-conf/archive/0f3d914b16551e88c1cc60060121c3da747c0a38.tar.gz
snapshots:
- completed:
    sha256: 4be1ca5d31689b524a7f0f17a439bbe9136465213edc498e9a395899a670f2aa
    size: 718486
    url: https://raw.githubusercontent.com/commercialhaskell/stackage-snapshots/master/lts/22/22.yaml
  original: lts-22.22
